
Microsoft Visual Studio Solution File, Format Version 12.00
# Visual Studio Version 17
VisualStudioVersion = 17.0.31903.59
MinimumVisualStudioVersion = 10.0.40219.1
Project("{9A19103F-16F7-4668-BE54-9A1E7A4F7556}") = "WordFinder", "WordFinder\WordFinder.csproj", "{CE1B6F39-9613-43CF-A015-9BF82BC8AA0D}"
EndProject
Project("{9A19103F-16F7-4668-BE54-9A1E7A4F7556}") = "WordFinder.Tests", "WordFinder.Tests\WordFinder.Tests.csproj", "{5E99DD9A-2AFB-4F82-9E3E-ACE5BC97351B}"
EndProject
Project("{FAE04EC0-301F-11D3-BF4B-00C04F79EFBC}") = "WordFinder.Benchmark", "WordFinder.Benchmark\WordFinder.Benchmark.csproj", "{8B40DA59-B8BE-4B37-98D3-168C924E5605}"
EndProject
Global
	GlobalSection(SolutionConfigurationPlatforms) = preSolution
		Debug|Any CPU = Debug|Any CPU
		Release|Any CPU = Release|Any CPU
	EndGlobalSection
	GlobalSection(ProjectConfigurationPlatforms) = postSolution
		{CE1B6F39-9613-43CF-A015-9BF82BC8AA0D}.Debug|Any CPU.ActiveCfg = Debug|Any CPU
		{CE1B6F39-9613-43CF-A015-9BF82BC8AA0D}.Debug|Any CPU.Build.0 = Debug|Any CPU
		{CE1B6F39-9613-43CF-A015-9BF82BC8AA0D}.Release|Any CPU.ActiveCfg = Release|Any CPU
		{CE1B6F39-9613-43CF-A015-9BF82BC8AA0D}.Release|Any CPU.Build.0 = Release|Any CPU
		{5E99DD9A-2AFB-4F82-9E3E-ACE5BC97351B}.Debug|Any CPU.ActiveCfg = Debug|Any CPU
		{5E99DD9A-2AFB-4F82-9E3E-ACE5BC97351B}.Debug|Any CPU.Build.0 = Debug|Any CPU
		{5E99DD9A-2AFB-4F82-9E3E-ACE5BC97351B}.Release|Any CPU.ActiveCfg = Release|Any CPU
		{5E99DD9A-2AFB-4F82-9E3E-ACE5BC97351B}.Release|Any CPU.Build.0 = Release|Any CPU
		{8B40DA59-B8BE-4B37-98D3-168C924E5605}.Debug|Any CPU.ActiveCfg = Debug|Any CPU
		{8B40DA59-B8BE-4B37-98D3-168C924E5605}.Debug|Any CPU.Build.0 = Debug|Any CPU
		{8B40DA59-B8BE-4B37-98D3-168C924E5605}.Release|Any CPU.ActiveCfg = Release|Any CPU
		{8B40DA59-B8BE-4B37-98D3-168C924E5605}.Release|Any CPU.Build.0 = Release|Any CPU
	EndGlobalSection
	GlobalSection(SolutionProperties) = preSolution
		HideSolutionNode = FALSE
	EndGlobalSection
EndGlobal
